
Microsoft Visual Studio Solution File, Format Version 12.00
# Visual Studio Version 17
VisualStudioVersion = 17.6.33829.357
MinimumVisualStudioVersion = 10.0.40219.1
Project("{FAE04EC0-301F-11D3-BF4B-00C04F79EFBC}") = "klock", "klock.csproj", "{7F130633-DEF7-4001-B7D5-B30F9B1EA8E7}"
EndProject
Global
	GlobalSection(SolutionConfigurationPlatforms) = preSolution
		Debug|Any CPU = Debug|Any CPU
		Release|Any CPU = Release|Any CPU
	EndGlobalSection
	GlobalSection(ProjectConfigurationPlatforms) = postSolution
		{7F130633-DEF7-4001-B7D5-B30F9B1EA8E7}.Debug|Any CPU.ActiveCfg = Debug|Any CPU
		{7F130633-DEF7-4001-B7D5-B30F9B1EA8E7}.Debug|Any CPU.Build.0 = Debug|Any CPU
		{7F130633-DEF7-4001-B7D5-B30F9B1EA8E7}.Release|Any CPU.ActiveCfg = Release|Any CPU
		{7F130633-DEF7-4001-B7D5-B30F9B1EA8E7}.Release|Any CPU.Build.0 = Release|Any CPU
	EndGlobalSection
	GlobalSection(SolutionProperties) = preSolution
		HideSolutionNode = FALSE
	EndGlobalSection
	GlobalSection(ExtensibilityGlobals) = postSolution
		SolutionGuid = {5B70D024-6C73-41AC-A7E2-B65869B675A9}
	EndGlobalSection
EndGlobal
